
Microsoft Visual Studio Solution File, Format Version 12.00
# Visual Studio Version 17
VisualStudioVersion = 17.10.34916.146
MinimumVisualStudioVersion = 10.0.40219.1
Project("{8BC9CEB8-8B4A-11D0-8D11-00A0C91BC942}") = "WinAPI", "WinAPI\WinAPI.vcxproj", "{5DC16FDA-E6DA-4390-85E6-177022267F07}"
EndProject
Project("{8BC9CEB8-8B4A-11D0-8D11-00A0C91BC942}") = "ComboBox", "ComboBox\ComboBox.vcxproj", "{22E1A487-0724-4E57-A086-A89D31F3B007}"
EndProject
Project("{8BC9CEB8-8B4A-11D0-8D11-00A0C91BC942}") = "ListBox", "ListBox\ListBox.vcxproj", "{4FDD8DDE-EEC4-49F8-9352-0D910DF130F8}"
EndProject
Project("{8BC9CEB8-8B4A-11D0-8D11-00A0C91BC942}") = "MainWindow", "MainWindow\MainWindow.vcxproj", "{FEFA14EF-0842-4443-8085-F3A5369E04F3}"
EndProject
Global
	GlobalSection(SolutionConfigurationPlatforms) = preSolution
		Debug|x64 = Debug|x64
		Debug|x86 = Debug|x86
		Release|x64 = Release|x64
		Release|x86 = Release|x86
	EndGlobalSection
	GlobalSection(ProjectConfigurationPlatforms) = postSolution
		{5DC16FDA-E6DA-4390-85E6-177022267F07}.Debug|x64.ActiveCfg = Debug|x64
		{5DC16FDA-E6DA-4390-85E6-177022267F07}.Debug|x64.Build.0 = Debug|x64
		{5DC16FDA-E6DA-4390-85E6-177022267F07}.Debug|x86.ActiveCfg = Debug|Win32
		{5DC16FDA-E6DA-4390-85E6-177022267F07}.Debug|x86.Build.0 = Debug|Win32
		{5DC16FDA-E6DA-4390-85E6-177022267F07}.Release|x64.ActiveCfg = Release|x64
		{5DC16FDA-E6DA-4390-85E6-177022267F07}.Release|x64.Build.0 = Release|x64
		{5DC16FDA-E6DA-4390-85E6-177022267F07}.Release|x86.ActiveCfg = Release|Win32
		{5DC16FDA-E6DA-4390-85E6-177022267F07}.Release|x86.Build.0 = Release|Win32
		{22E1A487-0724-4E57-A086-A89D31F3B007}.Debug|x64.ActiveCfg = Debug|x64
		{22E1A487-0724-4E57-A086-A89D31F3B007}.Debug|x64.Build.0 = Debug|x64
		{22E1A487-0724-4E57-A086-A89D31F3B007}.Debug|x86.ActiveCfg = Debug|Win32
		{22E1A487-0724-4E57-A086-A89D31F3B007}.Debug|x86.Build.0 = Debug|Win32
		{22E1A487-0724-4E57-A086-A89D31F3B007}.Release|x64.ActiveCfg = Release|x64
		{22E1A487-0724-4E57-A086-A89D31F3B007}.Release|x64.Build.0 = Release|x64
		{22E1A487-0724-4E57-A086-A89D31F3B007}.Release|x86.ActiveCfg = Release|Win32
		{22E1A487-0724-4E57-A086-A89D31F3B007}.Release|x86.Build.0 = Release|Win32
		{4FDD8DDE-EEC4-49F8-9352-0D910DF130F8}.Debug|x64.ActiveCfg = Debug|x64
		{4FDD8DDE-EEC4-49F8-9352-0D910DF130F8}.Debug|x64.Build.0 = Debug|x64
		{4FDD8DDE-EEC4-49F8-9352-0D910DF130F8}.Debug|x86.ActiveCfg = Debug|Win32
		{4FDD8DDE-EEC4-49F8-9352-0D910DF130F8}.Debug|x86.Build.0 = Debug|Win32
		{4FDD8DDE-EEC4-49F8-9352-0D910DF130F8}.Release|x64.ActiveCfg = Release|x64
		{4FDD8DDE-EEC4-49F8-9352-0D910DF130F8}.Release|x64.Build.0 = Release|x64
		{4FDD8DDE-EEC4-49F8-9352-0D910DF130F8}.Release|x86.ActiveCfg = Release|Win32
		{4FDD8DDE-EEC4-49F8-9352-0D910DF130F8}.Release|x86.Build.0 = Release|Win32
		{FEFA14EF-0842-4443-8085-F3A5369E04F3}.Debug|x64.ActiveCfg = Debug|x64
		{FEFA14EF-0842-4443-8085-F3A5369E04F3}.Debug|x64.Build.0 = Debug|x64
		{FEFA14EF-0842-4443-8085-F3A5369E04F3}.Debug|x86.ActiveCfg = Debug|Win32
		{FEFA14EF-0842-4443-8085-F3A5369E04F3}.Debug|x86.Build.0 = Debug|Win32
		{FEFA14EF-0842-4443-8085-F3A5369E04F3}.Release|x64.ActiveCfg = Release|x64
		{FEFA14EF-0842-4443-8085-F3A5369E04F3}.Release|x64.Build.0 = Release|x64
		{FEFA14EF-0842-4443-8085-F3A5369E04F3}.Release|x86.ActiveCfg = Release|Win32
		{FEFA14EF-0842-4443-8085-F3A5369E04F3}.Release|x86.Build.0 = Release|Win32
	EndGlobalSection
	GlobalSection(SolutionProperties) = preSolution
		HideSolutionNode = FALSE
	EndGlobalSection
	GlobalSection(ExtensibilityGlobals) = postSolution
		SolutionGuid = {DE87A842-8ACE-4FEF-91C8-0C3043A209BE}
	EndGlobalSection
EndGlobal
